
Microsoft Visual Studio Solution File, Format Version 12.00
# Visual Studio 15
VisualStudioVersion = 15.0.26124.0
MinimumVisualStudioVersion = 15.0.26124.0
Project("{FAE04EC0-301F-11D3-BF4B-00C04F79EFBC}") = "AspNetCore.GraphiQL", "AspNetCore.GraphiQL\AspNetCore.GraphiQL.csproj", "{491B8388-C02C-4111-83E9-C2DD9A889E4F}"
EndProject
Project("{FAE04EC0-301F-11D3-BF4B-00C04F79EFBC}") = "AspNetCore.Authorization", "AspNetCore.Authorization\AspNetCore.Authorization.csproj", "{BC77ACA4-FC6D-4DD6-B289-B649A7AB0FD0}"
EndProject
Project("{FAE04EC0-301F-11D3-BF4B-00C04F79EFBC}") = "AspNetCore", "AspNetCore\AspNetCore.csproj", "{9AE10C08-6F38-440A-BDF3-E6AA91BBADE5}"
EndProject
Project("{FAE04EC0-301F-11D3-BF4B-00C04F79EFBC}") = "AspNetCore.Tests", "AspNetCore.Tests\AspNetCore.Tests.csproj", "{C2F54C34-7209-404D-9DB5-D5E4BAABF8B9}"
EndProject
Project("{FAE04EC0-301F-11D3-BF4B-00C04F79EFBC}") = "StarWars", "..\examples\StarWars\StarWars.csproj", "{06D45B1E-9782-4F99-891B-072351E1116F}"
EndProject
Global
	GlobalSection(SolutionConfigurationPlatforms) = preSolution
		Debug|Any CPU = Debug|Any CPU
		Debug|x64 = Debug|x64
		Debug|x86 = Debug|x86
		Release|Any CPU = Release|Any CPU
		Release|x64 = Release|x64
		Release|x86 = Release|x86
	EndGlobalSection
	GlobalSection(SolutionProperties) = preSolution
		HideSolutionNode = FALSE
	EndGlobalSection
	GlobalSection(ProjectConfigurationPlatforms) = postSolution
		{491B8388-C02C-4111-83E9-C2DD9A889E4F}.Debug|Any CPU.ActiveCfg = Debug|Any CPU
		{491B8388-C02C-4111-83E9-C2DD9A889E4F}.Debug|Any CPU.Build.0 = Debug|Any CPU
		{491B8388-C02C-4111-83E9-C2DD9A889E4F}.Debug|x64.ActiveCfg = Debug|Any CPU
		{491B8388-C02C-4111-83E9-C2DD9A889E4F}.Debug|x64.Build.0 = Debug|Any CPU
		{491B8388-C02C-4111-83E9-C2DD9A889E4F}.Debug|x86.ActiveCfg = Debug|Any CPU
		{491B8388-C02C-4111-83E9-C2DD9A889E4F}.Debug|x86.Build.0 = Debug|Any CPU
		{491B8388-C02C-4111-83E9-C2DD9A889E4F}.Release|Any CPU.ActiveCfg = Release|Any CPU
		{491B8388-C02C-4111-83E9-C2DD9A889E4F}.Release|Any CPU.Build.0 = Release|Any CPU
		{491B8388-C02C-4111-83E9-C2DD9A889E4F}.Release|x64.ActiveCfg = Release|Any CPU
		{491B8388-C02C-4111-83E9-C2DD9A889E4F}.Release|x64.Build.0 = Release|Any CPU
		{491B8388-C02C-4111-83E9-C2DD9A889E4F}.Release|x86.ActiveCfg = Release|Any CPU
		{491B8388-C02C-4111-83E9-C2DD9A889E4F}.Release|x86.Build.0 = Release|Any CPU
		{BC77ACA4-FC6D-4DD6-B289-B649A7AB0FD0}.Debug|Any CPU.ActiveCfg = Debug|Any CPU
		{BC77ACA4-FC6D-4DD6-B289-B649A7AB0FD0}.Debug|Any CPU.Build.0 = Debug|Any CPU
		{BC77ACA4-FC6D-4DD6-B289-B649A7AB0FD0}.Debug|x64.ActiveCfg = Debug|Any CPU
		{BC77ACA4-FC6D-4DD6-B289-B649A7AB0FD0}.Debug|x64.Build.0 = Debug|Any CPU
		{BC77ACA4-FC6D-4DD6-B289-B649A7AB0FD0}.Debug|x86.ActiveCfg = Debug|Any CPU
		{BC77ACA4-FC6D-4DD6-B289-B649A7AB0FD0}.Debug|x86.Build.0 = Debug|Any CPU
		{BC77ACA4-FC6D-4DD6-B289-B649A7AB0FD0}.Release|Any CPU.ActiveCfg = Release|Any CPU
		{BC77ACA4-FC6D-4DD6-B289-B649A7AB0FD0}.Release|Any CPU.Build.0 = Release|Any CPU
		{BC77ACA4-FC6D-4DD6-B289-B649A7AB0FD0}.Release|x64.ActiveCfg = Release|Any CPU
		{BC77ACA4-FC6D-4DD6-B289-B649A7AB0FD0}.Release|x64.Build.0 = Release|Any CPU
		{BC77ACA4-FC6D-4DD6-B289-B649A7AB0FD0}.Release|x86.ActiveCfg = Release|Any CPU
		{BC77ACA4-FC6D-4DD6-B289-B649A7AB0FD0}.Release|x86.Build.0 = Release|Any CPU
		{9AE10C08-6F38-440A-BDF3-E6AA91BBADE5}.Debug|Any CPU.ActiveCfg = Debug|Any CPU
		{9AE10C08-6F38-440A-BDF3-E6AA91BBADE5}.Debug|Any CPU.Build.0 = Debug|Any CPU
		{9AE10C08-6F38-440A-BDF3-E6AA91BBADE5}.Debug|x64.ActiveCfg = Debug|Any CPU
		{9AE10C08-6F38-440A-BDF3-E6AA91BBADE5}.Debug|x64.Build.0 = Debug|Any CPU
		{9AE10C08-6F38-440A-BDF3-E6AA91BBADE5}.Debug|x86.ActiveCfg = Debug|Any CPU
		{9AE10C08-6F38-440A-BDF3-E6AA91BBADE5}.Debug|x86.Build.0 = Debug|Any CPU
		{9AE10C08-6F38-440A-BDF3-E6AA91BBADE5}.Release|Any CPU.ActiveCfg = Release|Any CPU
		{9AE10C08-6F38-440A-BDF3-E6AA91BBADE5}.Release|Any CPU.Build.0 = Release|Any CPU
		{9AE10C08-6F38-440A-BDF3-E6AA91BBADE5}.Release|x64.ActiveCfg = Release|Any CPU
		{9AE10C08-6F38-440A-BDF3-E6AA91BBADE5}.Release|x64.Build.0 = Release|Any CPU
		{9AE10C08-6F38-440A-BDF3-E6AA91BBADE5}.Release|x86.ActiveCfg = Release|Any CPU
		{9AE10C08-6F38-440A-BDF3-E6AA91BBADE5}.Release|x86.Build.0 = Release|Any CPU
		{C2F54C34-7209-404D-9DB5-D5E4BAABF8B9}.Debug|Any CPU.ActiveCfg = Debug|Any CPU
		{C2F54C34-7209-404D-9DB5-D5E4BAABF8B9}.Debug|Any CPU.Build.0 = Debug|Any CPU
		{C2F54C34-7209-404D-9DB5-D5E4BAABF8B9}.Debug|x64.ActiveCfg = Debug|Any CPU
		{C2F54C34-7209-404D-9DB5-D5E4BAABF8B9}.Debug|x64.Build.0 = Debug|Any CPU
		{C2F54C34-7209-404D-9DB5-D5E4BAABF8B9}.Debug|x86.ActiveCfg = Debug|Any CPU
		{C2F54C34-7209-404D-9DB5-D5E4BAABF8B9}.Debug|x86.Build.0 = Debug|Any CPU
		{C2F54C34-7209-404D-9DB5-D5E4BAABF8B9}.Release|Any CPU.ActiveCfg = Release|Any CPU
		{C2F54C34-7209-404D-9DB5-D5E4BAABF8B9}.Release|Any CPU.Build.0 = Release|Any CPU
		{C2F54C34-7209-404D-9DB5-D5E4BAABF8B9}.Release|x64.ActiveCfg = Release|Any CPU
		{C2F54C34-7209-404D-9DB5-D5E4BAABF8B9}.Release|x64.Build.0 = Release|Any CPU
		{C2F54C34-7209-404D-9DB5-D5E4BAABF8B9}.Release|x86.ActiveCfg = Release|Any CPU
		{C2F54C34-7209-404D-9DB5-D5E4BAABF8B9}.Release|x86.Build.0 = Release|Any CPU
		{06D45B1E-9782-4F99-891B-072351E1116F}.Debug|Any CPU.ActiveCfg = Debug|Any CPU
		{06D45B1E-9782-4F99-891B-072351E1116F}.Debug|Any CPU.Build.0 = Debug|Any CPU
		{06D45B1E-9782-4F99-891B-072351E1116F}.Debug|x64.ActiveCfg = Debug|Any CPU
		{06D45B1E-9782-4F99-891B-072351E1116F}.Debug|x64.Build.0 = Debug|Any CPU
		{06D45B1E-9782-4F99-891B-072351E1116F}.Debug|x86.ActiveCfg = Debug|Any CPU
		{06D45B1E-9782-4F99-891B-072351E1116F}.Debug|x86.Build.0 = Debug|Any CPU
		{06D45B1E-9782-4F99-891B-072351E1116F}.Release|Any CPU.ActiveCfg = Release|Any CPU
		{06D45B1E-9782-4F99-891B-072351E1116F}.Release|Any CPU.Build.0 = Release|Any CPU
		{06D45B1E-9782-4F99-891B-072351E1116F}.Release|x64.ActiveCfg = Release|Any CPU
		{06D45B1E-9782-4F99-891B-072351E1116F}.Release|x64.Build.0 = Release|Any CPU
		{06D45B1E-9782-4F99-891B-072351E1116F}.Release|x86.ActiveCfg = Release|Any CPU
		{06D45B1E-9782-4F99-891B-072351E1116F}.Release|x86.Build.0 = Release|Any CPU
	EndGlobalSection
EndGlobal
